
Microsoft Visual Studio Solution File, Format Version 12.00
# Visual Studio 15
VisualStudioVersion = 15.0.27130.2027
MinimumVisualStudioVersion = 10.0.40219.1
Project("{FAE04EC0-301F-11D3-BF4B-00C04F79EFBC}") = "WebsiteDemoForVisualStudio", "WebsiteDemoForVisualStudio\WebsiteDemoForVisualStudio.csproj", "{02857726-1424-4365-98CD-A8DF0B6AF85E}"
EndProject
Global
	GlobalSection(SolutionConfigurationPlatforms) = preSolution
		Debug|Any CPU = Debug|Any CPU
		Release|Any CPU = Release|Any CPU
	EndGlobalSection
	GlobalSection(ProjectConfigurationPlatforms) = postSolution
		{02857726-1424-4365-98CD-A8DF0B6AF85E}.Debug|Any CPU.ActiveCfg = Debug|Any CPU
		{02857726-1424-4365-98CD-A8DF0B6AF85E}.Debug|Any CPU.Build.0 = Debug|Any CPU
		{02857726-1424-4365-98CD-A8DF0B6AF85E}.Release|Any CPU.ActiveCfg = Release|Any CPU
		{02857726-1424-4365-98CD-A8DF0B6AF85E}.Release|Any CPU.Build.0 = Release|Any CPU
	EndGlobalSection
	GlobalSection(SolutionProperties) = preSolution
		HideSolutionNode = FALSE
	EndGlobalSection
	GlobalSection(ExtensibilityGlobals) = postSolution
		SolutionGuid = {BE09265C-20B3-4D91-8642-137EF7CC5A2A}
	EndGlobalSection
EndGlobal
